
Microsoft Visual Studio Solution File, Format Version 12.00
# Visual Studio Version 17
VisualStudioVersion = 17.7.34221.43
MinimumVisualStudioVersion = 10.0.40219.1
Project("{FAE04EC0-301F-11D3-BF4B-00C04F79EFBC}") = "AuctionSystem", "AuctionSystem\AuctionSystem.csproj", "{E6A33C60-4E65-4F24-B4D0-442FF4311C3B}"
EndProject
Project("{FAE04EC0-301F-11D3-BF4B-00C04F79EFBC}") = "AuctionSystem.Core", "AuctionSystem.Core\AuctionSystem.Core.csproj", "{087A768E-C3FD-424D-A6B9-13F35E801C9B}"
EndProject
Project("{FAE04EC0-301F-11D3-BF4B-00C04F79EFBC}") = "AuctionSystem.Infrastructure", "AuctionSystem.Infrastructure\AuctionSystem.Infrastructure.csproj", "{2AA8342F-3DE1-4417-8CEB-6C1A7D34DC57}"
EndProject
Global
	GlobalSection(SolutionConfigurationPlatforms) = preSolution
		Debug|Any CPU = Debug|Any CPU
		Release|Any CPU = Release|Any CPU
	EndGlobalSection
	GlobalSection(ProjectConfigurationPlatforms) = postSolution
		{E6A33C60-4E65-4F24-B4D0-442FF4311C3B}.Debug|Any CPU.ActiveCfg = Debug|Any CPU
		{E6A33C60-4E65-4F24-B4D0-442FF4311C3B}.Debug|Any CPU.Build.0 = Debug|Any CPU
		{E6A33C60-4E65-4F24-B4D0-442FF4311C3B}.Release|Any CPU.ActiveCfg = Release|Any CPU
		{E6A33C60-4E65-4F24-B4D0-442FF4311C3B}.Release|Any CPU.Build.0 = Release|Any CPU
		{087A768E-C3FD-424D-A6B9-13F35E801C9B}.Debug|Any CPU.ActiveCfg = Debug|Any CPU
		{087A768E-C3FD-424D-A6B9-13F35E801C9B}.Debug|Any CPU.Build.0 = Debug|Any CPU
		{087A768E-C3FD-424D-A6B9-13F35E801C9B}.Release|Any CPU.ActiveCfg = Release|Any CPU
		{087A768E-C3FD-424D-A6B9-13F35E801C9B}.Release|Any CPU.Build.0 = Release|Any CPU
		{2AA8342F-3DE1-4417-8CEB-6C1A7D34DC57}.Debug|Any CPU.ActiveCfg = Debug|Any CPU
		{2AA8342F-3DE1-4417-8CEB-6C1A7D34DC57}.Debug|Any CPU.Build.0 = Debug|Any CPU
		{2AA8342F-3DE1-4417-8CEB-6C1A7D34DC57}.Release|Any CPU.ActiveCfg = Release|Any CPU
		{2AA8342F-3DE1-4417-8CEB-6C1A7D34DC57}.Release|Any CPU.Build.0 = Release|Any CPU
	EndGlobalSection
	GlobalSection(SolutionProperties) = preSolution
		HideSolutionNode = FALSE
	EndGlobalSection
	GlobalSection(ExtensibilityGlobals) = postSolution
		SolutionGuid = {C5C6D0E4-E63C-4FAD-A642-7DC8D5B82EB1}
	EndGlobalSection
EndGlobal
